
Microsoft Visual Studio Solution File, Format Version 12.00
# Visual Studio Version 17
VisualStudioVersion = 17.3.32819.101
MinimumVisualStudioVersion = 10.0.40219.1
Project("{FAE04EC0-301F-11D3-BF4B-00C04F79EFBC}") = "EXAM_wpf_0.3", "EXAM_wpf_0.3\EXAM_wpf_0.3.csproj", "{9DB837EE-1E26-4F9D-8641-8596E3B49C15}"
EndProject
Global
	GlobalSection(SolutionConfigurationPlatforms) = preSolution
		Debug|Any CPU = Debug|Any CPU
		Release|Any CPU = Release|Any CPU
	EndGlobalSection
	GlobalSection(ProjectConfigurationPlatforms) = postSolution
		{9DB837EE-1E26-4F9D-8641-8596E3B49C15}.Debug|Any CPU.ActiveCfg = Debug|Any CPU
		{9DB837EE-1E26-4F9D-8641-8596E3B49C15}.Debug|Any CPU.Build.0 = Debug|Any CPU
		{9DB837EE-1E26-4F9D-8641-8596E3B49C15}.Release|Any CPU.ActiveCfg = Release|Any CPU
		{9DB837EE-1E26-4F9D-8641-8596E3B49C15}.Release|Any CPU.Build.0 = Release|Any CPU
	EndGlobalSection
	GlobalSection(SolutionProperties) = preSolution
		HideSolutionNode = FALSE
	EndGlobalSection
	GlobalSection(ExtensibilityGlobals) = postSolution
		SolutionGuid = {B9CED0AC-E053-4754-8233-E07C64980194}
	EndGlobalSection
EndGlobal
